# This file is automatically @generated by Wally.
# It is not intended for manual editing.
registry = "test"

[[package]]
name = "azure/action-rpg-prototype"
version = "0.1.0"
dependencies = [["Janitor", "howmanysmall/janitor@1.18.3"], ["Knit", "sleitnick/knit@1.7.0"], ["ProfileStore", "vyon/profilestore@1.0.3"], ["Promise", "evaera/promise@3.2.1"], ["Roact", "jessekroeske/roact@1.4.2"], ["Roact-Rodux", "neura-studios/roact-rodux@0.0.5"], ["Rodux", "jessekroeske/rodux@3.0.0"], ["Signal", "sleitnick/signal@1.5.0"], ["TableUtil", "sleitnick/table-util@1.2.1"], ["Val", "tumblewede/val@0.1.1"]]

[[package]]
name = "evaera/promise"
version = "3.2.1"
dependencies = []

[[package]]
name = "evaera/promise"
version = "4.0.0"
dependencies = []

[[package]]
name = "howmanysmall/janitor"
version = "1.18.3"
dependencies = [["Promise", "howmanysmall/typed-promise@4.0.6"]]

[[package]]
name = "howmanysmall/typed-promise"
version = "4.0.6"
dependencies = [["Promise", "evaera/promise@4.0.0"]]

[[package]]
name = "jessekroeske/roact"
version = "1.4.2"
dependencies = []

[[package]]
name = "jessekroeske/rodux"
version = "3.0.0"
dependencies = []

[[package]]
name = "neura-studios/roact-rodux"
version = "0.0.5"
dependencies = [["Roact", "roblox/roact@1.4.4"], ["Rodux", "roblox/rodux@3.0.0"], ["TestEZ", "roblox/testez@0.4.1"]]

[[package]]
name = "roblox/roact"
version = "1.4.4"
dependencies = []

[[package]]
name = "roblox/rodux"
version = "3.0.0"
dependencies = []

[[package]]
name = "roblox/testez"
version = "0.4.1"
dependencies = []

[[package]]
name = "sleitnick/comm"
version = "1.0.1"
dependencies = [["Option", "sleitnick/option@1.0.5"], ["Promise", "evaera/promise@4.0.0"], ["Signal", "sleitnick/signal@2.0.3"]]

[[package]]
name = "sleitnick/knit"
version = "1.7.0"
dependencies = [["Comm", "sleitnick/comm@1.0.1"], ["Promise", "evaera/promise@4.0.0"]]

[[package]]
name = "sleitnick/option"
version = "1.0.5"
dependencies = []

[[package]]
name = "sleitnick/signal"
version = "1.5.0"
dependencies = []

[[package]]
name = "sleitnick/signal"
version = "2.0.3"
dependencies = []

[[package]]
name = "sleitnick/table-util"
version = "1.2.1"
dependencies = []

[[package]]
name = "tumblewede/val"
version = "0.1.1"
dependencies = []

[[package]]
name = "vyon/profilestore"
version = "1.0.3"
dependencies = []
